
Microsoft Visual Studio Solution File, Format Version 12.00
# Visual Studio Version 17
VisualStudioVersion = 17.0.31912.275
MinimumVisualStudioVersion = 10.0.40219.1
Project("{2150E333-8FDC-42A3-9474-1A3956D46DE8}") = "Solution Items", "Solution Items", "{EC63D1DA-61CB-4A1D-B2F4-0472FF374EE3}"
	ProjectSection(SolutionItems) = preProject
		.editorconfig = .editorconfig
	EndProjectSection
EndProject
Project("{2150E333-8FDC-42A3-9474-1A3956D46DE8}") = "ConsoleApps", "ConsoleApps", "{2D2CF0F6-F397-4E08-BC43-DCF910CFCBF4}"
EndProject
Project("{9A19103F-16F7-4668-BE54-9A1E7A4F7556}") = "ConsoleAppHelloWorld", "ConsoleApps\ConsoleAppHelloWorld\ConsoleAppHelloWorld.csproj", "{07CC2D9F-4317-4406-8CEA-42F870B3391F}"
EndProject
Project("{2150E333-8FDC-42A3-9474-1A3956D46DE8}") = "WebApi", "WebApi", "{893FD559-74C8-4ACD-B0A6-7B3CAD418B9F}"
EndProject
Project("{FAE04EC0-301F-11D3-BF4B-00C04F79EFBC}") = "HelloWorldEFCore", "WebApi\HelloWorldEFCore\HelloWorldEFCore.csproj", "{8BB20441-9E1B-4893-A092-BE16963D65E5}"
EndProject
Project("{FAE04EC0-301F-11D3-BF4B-00C04F79EFBC}") = "ConsoleAppHelloWorldTest", "ConsoleAppHelloWorldTest\ConsoleAppHelloWorldTest.csproj", "{8EBED8F1-54BB-4939-9771-60AE4A67B0B6}"
EndProject
Global
	GlobalSection(SolutionConfigurationPlatforms) = preSolution
		Debug|Any CPU = Debug|Any CPU
		Release|Any CPU = Release|Any CPU
	EndGlobalSection
	GlobalSection(ProjectConfigurationPlatforms) = postSolution
		{07CC2D9F-4317-4406-8CEA-42F870B3391F}.Debug|Any CPU.ActiveCfg = Debug|Any CPU
		{07CC2D9F-4317-4406-8CEA-42F870B3391F}.Debug|Any CPU.Build.0 = Debug|Any CPU
		{07CC2D9F-4317-4406-8CEA-42F870B3391F}.Release|Any CPU.ActiveCfg = Release|Any CPU
		{07CC2D9F-4317-4406-8CEA-42F870B3391F}.Release|Any CPU.Build.0 = Release|Any CPU
		{8BB20441-9E1B-4893-A092-BE16963D65E5}.Debug|Any CPU.ActiveCfg = Debug|Any CPU
		{8BB20441-9E1B-4893-A092-BE16963D65E5}.Debug|Any CPU.Build.0 = Debug|Any CPU
		{8BB20441-9E1B-4893-A092-BE16963D65E5}.Release|Any CPU.ActiveCfg = Release|Any CPU
		{8BB20441-9E1B-4893-A092-BE16963D65E5}.Release|Any CPU.Build.0 = Release|Any CPU
		{8EBED8F1-54BB-4939-9771-60AE4A67B0B6}.Debug|Any CPU.ActiveCfg = Debug|Any CPU
		{8EBED8F1-54BB-4939-9771-60AE4A67B0B6}.Debug|Any CPU.Build.0 = Debug|Any CPU
		{8EBED8F1-54BB-4939-9771-60AE4A67B0B6}.Release|Any CPU.ActiveCfg = Release|Any CPU
		{8EBED8F1-54BB-4939-9771-60AE4A67B0B6}.Release|Any CPU.Build.0 = Release|Any CPU
	EndGlobalSection
	GlobalSection(SolutionProperties) = preSolution
		HideSolutionNode = FALSE
	EndGlobalSection
	GlobalSection(NestedProjects) = preSolution
		{07CC2D9F-4317-4406-8CEA-42F870B3391F} = {2D2CF0F6-F397-4E08-BC43-DCF910CFCBF4}
		{8BB20441-9E1B-4893-A092-BE16963D65E5} = {893FD559-74C8-4ACD-B0A6-7B3CAD418B9F}
		{8EBED8F1-54BB-4939-9771-60AE4A67B0B6} = {2D2CF0F6-F397-4E08-BC43-DCF910CFCBF4}
	EndGlobalSection
	GlobalSection(ExtensibilityGlobals) = postSolution
		SolutionGuid = {D1039E07-8FEA-418B-ABB9-E739E85D91D8}
	EndGlobalSection
EndGlobal
